
Microsoft Visual Studio Solution File, Format Version 12.00
# Visual Studio Version 17
VisualStudioVersion = 17.13.35931.197 d17.13
MinimumVisualStudioVersion = 10.0.40219.1
Project("{FAE04EC0-301F-11D3-BF4B-00C04F79EFBC}") = "TH.Lab2.10", "TH.Lab2.10.csproj", "{12AE29DE-5AF3-4B91-BC1F-91CEB3AA08F8}"
EndProject
Global
	GlobalSection(SolutionConfigurationPlatforms) = preSolution
		Debug|Any CPU = Debug|Any CPU
		Release|Any CPU = Release|Any CPU
	EndGlobalSection
	GlobalSection(ProjectConfigurationPlatforms) = postSolution
		{12AE29DE-5AF3-4B91-BC1F-91CEB3AA08F8}.Debug|Any CPU.ActiveCfg = Debug|Any CPU
		{12AE29DE-5AF3-4B91-BC1F-91CEB3AA08F8}.Debug|Any CPU.Build.0 = Debug|Any CPU
		{12AE29DE-5AF3-4B91-BC1F-91CEB3AA08F8}.Release|Any CPU.ActiveCfg = Release|Any CPU
		{12AE29DE-5AF3-4B91-BC1F-91CEB3AA08F8}.Release|Any CPU.Build.0 = Release|Any CPU
	EndGlobalSection
	GlobalSection(SolutionProperties) = preSolution
		HideSolutionNode = FALSE
	EndGlobalSection
	GlobalSection(ExtensibilityGlobals) = postSolution
		SolutionGuid = {EA897A30-84D8-4EC5-824B-7F25DC9FBC79}
	EndGlobalSection
EndGlobal
